
Microsoft Visual Studio Solution File, Format Version 12.00
# Visual Studio 15
VisualStudioVersion = 15.0.28307.1525
MinimumVisualStudioVersion = 10.0.40219.1
Project("{FAE04EC0-301F-11D3-BF4B-00C04F79EFBC}") = "print_barcode", "print_barcode\print_barcode.csproj", "{002364C5-61BC-466B-9E54-986821EFA988}"
EndProject
Global
	GlobalSection(SolutionConfigurationPlatforms) = preSolution
		Debug|Any CPU = Debug|Any CPU
		Release|Any CPU = Release|Any CPU
	EndGlobalSection
	GlobalSection(ProjectConfigurationPlatforms) = postSolution
		{002364C5-61BC-466B-9E54-986821EFA988}.Debug|Any CPU.ActiveCfg = Debug|Any CPU
		{002364C5-61BC-466B-9E54-986821EFA988}.Debug|Any CPU.Build.0 = Debug|Any CPU
		{002364C5-61BC-466B-9E54-986821EFA988}.Release|Any CPU.ActiveCfg = Release|Any CPU
		{002364C5-61BC-466B-9E54-986821EFA988}.Release|Any CPU.Build.0 = Release|Any CPU
	EndGlobalSection
	GlobalSection(SolutionProperties) = preSolution
		HideSolutionNode = FALSE
	EndGlobalSection
	GlobalSection(ExtensibilityGlobals) = postSolution
		SolutionGuid = {911034EA-9424-4230-B0E1-276B8965B769}
	EndGlobalSection
EndGlobal
